// !$*UTF8*$!
{
	archiveVersion = 1;
	classes = {
	};
	objectVersion = 55;
	objects = {

/* Begin PBXBuildFile section */
		0C1E9D8627D9185100F60280 /* Settings.swift in Sources */ = {isa = PBXBuildFile; fileRef = 0C1E9D8527D9185100F60280 /* Settings.swift */; };
		0C1E9D8827D91C0900F60280 /* AddTile.swift in Sources */ = {isa = PBXBuildFile; fileRef = 0C1E9D8727D91C0900F60280 /* AddTile.swift */; };
		0C1E9D8C27D920D800F60280 /* ImagePicker.swift in Sources */ = {isa = PBXBuildFile; fileRef = 0C1E9D8A27D920D800F60280 /* ImagePicker.swift */; };
		0C1E9D8D27D920D800F60280 /* PhotoCaptureView.swift in Sources */ = {isa = PBXBuildFile; fileRef = 0C1E9D8B27D920D800F60280 /* PhotoCaptureView.swift */; };
		0C9BCE0027C2C96D0027A437 /* Home.swift in Sources */ = {isa = PBXBuildFile; fileRef = 0C9BCDFF27C2C96D0027A437 /* Home.swift */; };
		0C9BCE0327C2E6C40027A437 /* SpeechGrid.swift in Sources */ = {isa = PBXBuildFile; fileRef = 0C9BCE0227C2E6C40027A437 /* SpeechGrid.swift */; };
		0CDE0D0827C5375700229191 /* Tile.swift in Sources */ = {isa = PBXBuildFile; fileRef = 0CDE0D0727C5375700229191 /* Tile.swift */; };
		0CDE0D0A27C5376400229191 /* Photo.swift in Sources */ = {isa = PBXBuildFile; fileRef = 0CDE0D0927C5376400229191 /* Photo.swift */; };
		0CDE0D0D27C53A4000229191 /* AppDelegate.swift in Sources */ = {isa = PBXBuildFile; fileRef = 0CDE0D0C27C53A4000229191 /* AppDelegate.swift */; };
		72920FF6280D544100C0B0E5 /* VoiceRecording.swift in Sources */ = {isa = PBXBuildFile; fileRef = 72920FF5280D544100C0B0E5 /* VoiceRecording.swift */; };
		72920FF8280D557700C0B0E5 /* AudioPlayer.swift in Sources */ = {isa = PBXBuildFile; fileRef = 72920FF7280D557700C0B0E5 /* AudioPlayer.swift */; };
		C5A8EDB427BC9B79006CA34D /* FreespeechVTApp.swift in Sources */ = {isa = PBXBuildFile; fileRef = C5A8EDB327BC9B79006CA34D /* FreespeechVTApp.swift */; };
		C5A8EDB627BC9B79006CA34D /* ContentView.swift in Sources */ = {isa = PBXBuildFile; fileRef = C5A8EDB527BC9B79006CA34D /* ContentView.swift */; };
		C5A8EDB827BC9B7B006CA34D /* Assets.xcassets in Resources */ = {isa = PBXBuildFile; fileRef = C5A8EDB727BC9B7B006CA34D /* Assets.xcassets */; };
		C5A8EDBB27BC9B7B006CA34D /* Preview Assets.xcassets in Resources */ = {isa = PBXBuildFile; fileRef = C5A8EDBA27BC9B7B006CA34D /* Preview Assets.xcassets */; };
		C5A8EDBD27BC9B7B006CA34D /* Persistence.swift in Sources */ = {isa = PBXBuildFile; fileRef = C5A8EDBC27BC9B7B006CA34D /* Persistence.swift */; };
		C5A8EDC027BC9B7B006CA34D /* FreespeechVT.xcdatamodeld in Sources */ = {isa = PBXBuildFile; fileRef = C5A8EDBE27BC9B7B006CA34D /* FreespeechVT.xcdatamodeld */; };
		C5FA8CA127C5DFD1008D66D2 /* WordsData.swift in Sources */ = {isa = PBXBuildFile; fileRef = C5FA8CA027C5DFD1008D66D2 /* WordsData.swift */; };
		C5FA8CA327C5DFE7008D66D2 /* WordStruct.swift in Sources */ = {isa = PBXBuildFile; fileRef = C5FA8CA227C5DFE7008D66D2 /* WordStruct.swift */; };
		C5FA8CA527C5E0C0008D66D2 /* UtilityFunctions.swift in Sources */ = {isa = PBXBuildFile; fileRef = C5FA8CA427C5E0C0008D66D2 /* UtilityFunctions.swift */; };
		C5FA8CA727C5E29C008D66D2 /* WordsData.json in Resources */ = {isa = PBXBuildFile; fileRef = C5FA8CA627C5E29C008D66D2 /* WordsData.json */; };
/* End PBXBuildFile section */

/* Begin PBXFileReference section */
		0C1E9D8527D9185100F60280 /* Settings.swift */ = {isa = PBXFileReference; lastKnownFileType = sourcecode.swift; path = Settings.swift; sourceTree = "<group>"; };
		0C1E9D8727D91C0900F60280 /* AddTile.swift */ = {isa = PBXFileReference; lastKnownFileType = sourcecode.swift; path = AddTile.swift; sourceTree = "<group>"; };
		0C1E9D8A27D920D800F60280 /* ImagePicker.swift */ = {isa = PBXFileReference; fileEncoding = 4; lastKnownFileType = sourcecode.swift; path = ImagePicker.swift; sourceTree = "<group>"; };
		0C1E9D8B27D920D800F60280 /* PhotoCaptureView.swift */ = {isa = PBXFileReference; fileEncoding = 4; lastKnownFileType = sourcecode.swift; path = PhotoCaptureView.swift; sourceTree = "<group>"; };
		0C9BCDFF27C2C96D0027A437 /* Home.swift */ = {isa = PBXFileReference; lastKnownFileType = sourcecode.swift; path = Home.swift; sourceTree = "<group>"; };
		0C9BCE0227C2E6C40027A437 /* SpeechGrid.swift */ = {isa = PBXFileReference; lastKnownFileType = sourcecode.swift; path = SpeechGrid.swift; sourceTree = "<group>"; };
		0CDE0D0727C5375700229191 /* Tile.swift */ = {isa = PBXFileReference; lastKnownFileType = sourcecode.swift; path = Tile.swift; sourceTree = "<group>"; };
		0CDE0D0927C5376400229191 /* Photo.swift */ = {isa = PBXFileReference; lastKnownFileType = sourcecode.swift; path = Photo.swift; sourceTree = "<group>"; };
		0CDE0D0B27C539AE00229191 /* Info.plist */ = {isa = PBXFileReference; lastKnownFileType = text.plist; path = Info.plist; sourceTree = "<group>"; };
		0CDE0D0C27C53A4000229191 /* AppDelegate.swift */ = {isa = PBXFileReference; lastKnownFileType = sourcecode.swift; path = AppDelegate.swift; sourceTree = "<group>"; };
		72920FF5280D544100C0B0E5 /* VoiceRecording.swift */ = {isa = PBXFileReference; lastKnownFileType = sourcecode.swift; path = VoiceRecording.swift; sourceTree = "<group>"; };
		72920FF7280D557700C0B0E5 /* AudioPlayer.swift */ = {isa = PBXFileReference; lastKnownFileType = sourcecode.swift; path = AudioPlayer.swift; sourceTree = "<group>"; };
		C5A8EDB027BC9B79006CA34D /* FreespeechVT.app */ = {isa = PBXFileReference; explicitFileType = wrapper.application; includeInIndex = 0; path = FreespeechVT.app; sourceTree = BUILT_PRODUCTS_DIR; };
		C5A8EDB327BC9B79006CA34D /* FreespeechVTApp.swift */ = {isa = PBXFileReference; lastKnownFileType = sourcecode.swift; path = FreespeechVTApp.swift; sourceTree = "<group>"; };
		C5A8EDB527BC9B79006CA34D /* ContentView.swift */ = {isa = PBXFileReference; lastKnownFileType = sourcecode.swift; path = ContentView.swift; sourceTree = "<group>"; };
		C5A8EDB727BC9B7B006CA34D /* Assets.xcassets */ = {isa = PBXFileReference; lastKnownFileType = folder.assetcatalog; path = Assets.xcassets; sourceTree = "<group>"; };
		C5A8EDBA27BC9B7B006CA34D /* Preview Assets.xcassets */ = {isa = PBXFileReference; lastKnownFileType = folder.assetcatalog; path = "Preview Assets.xcassets"; sourceTree = "<group>"; };
		C5A8EDBC27BC9B7B006CA34D /* Persistence.swift */ = {isa = PBXFileReference; lastKnownFileType = sourcecode.swift; path = Persistence.swift; sourceTree = "<group>"; };
		C5A8EDBF27BC9B7B006CA34D /* FreespeechVT.xcdatamodel */ = {isa = PBXFileReference; lastKnownFileType = wrapper.xcdatamodel; path = FreespeechVT.xcdatamodel; sourceTree = "<group>"; };
		C5FA8CA027C5DFD1008D66D2 /* WordsData.swift */ = {isa = PBXFileReference; lastKnownFileType = sourcecode.swift; path = WordsData.swift; sourceTree = "<group>"; };
		C5FA8CA227C5DFE7008D66D2 /* WordStruct.swift */ = {isa = PBXFileReference; lastKnownFileType = sourcecode.swift; path = WordStruct.swift; sourceTree = "<group>"; };
		C5FA8CA427C5E0C0008D66D2 /* UtilityFunctions.swift */ = {isa = PBXFileReference; lastKnownFileType = sourcecode.swift; path = UtilityFunctions.swift; sourceTree = "<group>"; };
		C5FA8CA627C5E29C008D66D2 /* WordsData.json */ = {isa = PBXFileReference; fileEncoding = 4; lastKnownFileType = text.json; path = WordsData.json; sourceTree = "<group>"; };
/* End PBXFileReference section */

/* Begin PBXFrameworksBuildPhase section */
		C5A8EDAD27BC9B79006CA34D /* Frameworks */ = {
			isa = PBXFrameworksBuildPhase;
			buildActionMask = 2147483647;
			files = (
			);
			runOnlyForDeploymentPostprocessing = 0;
		};
/* End PBXFrameworksBuildPhase section */

/* Begin PBXGroup section */
		0C1E9D8427D917F300F60280 /* Settings */ = {
			isa = PBXGroup;
			children = (
				0C1E9D8527D9185100F60280 /* Settings.swift */,
				0C1E9D8727D91C0900F60280 /* AddTile.swift */,
			);
			path = Settings;
			sourceTree = "<group>";
		};
		0C1E9D8927D920D800F60280 /* Take or Pick Photo */ = {
			isa = PBXGroup;
			children = (
				0C1E9D8A27D920D800F60280 /* ImagePicker.swift */,
				0C1E9D8B27D920D800F60280 /* PhotoCaptureView.swift */,
			);
			path = "Take or Pick Photo";
			sourceTree = "<group>";
		};
		0C9BCDFD27C2C2900027A437 /* Tab Bar Views */ = {
			isa = PBXGroup;
			children = (
				0C9BCDFE27C2C9600027A437 /* Home */,
				0C9BCE0127C2E61E0027A437 /* Speech */,
				0C1E9D8427D917F300F60280 /* Settings */,
			);
			path = "Tab Bar Views";
			sourceTree = "<group>";
		};
		0C9BCDFE27C2C9600027A437 /* Home */ = {
			isa = PBXGroup;
			children = (
				0C9BCDFF27C2C96D0027A437 /* Home.swift */,
			);
			path = Home;
			sourceTree = "<group>";
		};
		0C9BCE0127C2E61E0027A437 /* Speech */ = {
			isa = PBXGroup;
			children = (
				0C9BCE0227C2E6C40027A437 /* SpeechGrid.swift */,
			);
			path = Speech;
			sourceTree = "<group>";
		};
		0CDE0D0527C5351F00229191 /* Supporting Files */ = {
			isa = PBXGroup;
			children = (
				C5FA8CA427C5E0C0008D66D2 /* UtilityFunctions.swift */,
				72920FF5280D544100C0B0E5 /* VoiceRecording.swift */,
				72920FF7280D557700C0B0E5 /* AudioPlayer.swift */,
			);
			path = "Supporting Files";
			sourceTree = "<group>";
		};
		0CDE0D0627C5361A00229191 /* Core Data Model */ = {
			isa = PBXGroup;
			children = (
				C5A8EDBE27BC9B7B006CA34D /* FreespeechVT.xcdatamodeld */,
				C5A8EDBC27BC9B7B006CA34D /* Persistence.swift */,
				0CDE0D0727C5375700229191 /* Tile.swift */,
				0CDE0D0927C5376400229191 /* Photo.swift */,
			);
			path = "Core Data Model";
			sourceTree = "<group>";
		};
		C5A8EDA727BC9B79006CA34D = {
			isa = PBXGroup;
			children = (
				C5A8EDB227BC9B79006CA34D /* FreespeechVT */,
				C5A8EDB127BC9B79006CA34D /* Products */,
			);
			sourceTree = "<group>";
		};
		C5A8EDB127BC9B79006CA34D /* Products */ = {
			isa = PBXGroup;
			children = (
				C5A8EDB027BC9B79006CA34D /* FreespeechVT.app */,
			);
			name = Products;
			sourceTree = "<group>";
		};
		C5A8EDB227BC9B79006CA34D /* FreespeechVT */ = {
			isa = PBXGroup;
			children = (
				0CDE0D0C27C53A4000229191 /* AppDelegate.swift */,
				C5A8EDB327BC9B79006CA34D /* FreespeechVTApp.swift */,
				C5A8EDB527BC9B79006CA34D /* ContentView.swift */,
				0C1E9D8927D920D800F60280 /* Take or Pick Photo */,
				0CDE0D0627C5361A00229191 /* Core Data Model */,
				C5FA8C9D27C5DF9D008D66D2 /* Data Models */,
				0CDE0D0527C5351F00229191 /* Supporting Files */,
				0C9BCDFD27C2C2900027A437 /* Tab Bar Views */,
				C5A8EDB727BC9B7B006CA34D /* Assets.xcassets */,
				0CDE0D0B27C539AE00229191 /* Info.plist */,
				C5A8EDB927BC9B7B006CA34D /* Preview Content */,
			);
			path = FreespeechVT;
			sourceTree = "<group>";
		};
		C5A8EDB927BC9B7B006CA34D /* Preview Content */ = {
			isa = PBXGroup;
			children = (
				C5A8EDBA27BC9B7B006CA34D /* Preview Assets.xcassets */,
			);
			path = "Preview Content";
			sourceTree = "<group>";
		};
		C5FA8C9D27C5DF9D008D66D2 /* Data Models */ = {
			isa = PBXGroup;
			children = (
				C5FA8CA627C5E29C008D66D2 /* WordsData.json */,
				C5FA8CA027C5DFD1008D66D2 /* WordsData.swift */,
				C5FA8CA227C5DFE7008D66D2 /* WordStruct.swift */,
			);
			path = "Data Models";
			sourceTree = "<group>";
		};
/* End PBXGroup section */

/* Begin PBXNativeTarget section */
		C5A8EDAF27BC9B79006CA34D /* FreespeechVT */ = {
			isa = PBXNativeTarget;
			buildConfigurationList = C5A8EDC327BC9B7B006CA34D /* Build configuration list for PBXNativeTarget "FreespeechVT" */;
			buildPhases = (
				C5A8EDAC27BC9B79006CA34D /* Sources */,
				C5A8EDAD27BC9B79006CA34D /* Frameworks */,
				C5A8EDAE27BC9B79006CA34D /* Resources */,
			);
			buildRules = (
			);
			dependencies = (
			);
			name = FreespeechVT;
			productName = FreespeechVT;
			productReference = C5A8EDB027BC9B79006CA34D /* FreespeechVT.app */;
			productType = "com.apple.product-type.application";
		};
/* End PBXNativeTarget section */

/* Begin PBXProject section */
		C5A8EDA827BC9B79006CA34D /* Project object */ = {
			isa = PBXProject;
			attributes = {
				BuildIndependentTargetsInParallel = 1;
				LastSwiftUpdateCheck = 1320;
				LastUpgradeCheck = 1320;
				ORGANIZATIONNAME = FreespeechVT;
				TargetAttributes = {
					C5A8EDAF27BC9B79006CA34D = {
						CreatedOnToolsVersion = 13.2.1;
					};
				};
			};
			buildConfigurationList = C5A8EDAB27BC9B79006CA34D /* Build configuration list for PBXProject "FreespeechVT" */;
			compatibilityVersion = "Xcode 13.0";
			developmentRegion = en;
			hasScannedForEncodings = 0;
			knownRegions = (
				en,
				Base,
			);
			mainGroup = C5A8EDA727BC9B79006CA34D;
			productRefGroup = C5A8EDB127BC9B79006CA34D /* Products */;
			projectDirPath = "";
			projectRoot = "";
			targets = (
				C5A8EDAF27BC9B79006CA34D /* FreespeechVT */,
			);
		};
/* End PBXProject section */

/* Begin PBXResourcesBuildPhase section */
		C5A8EDAE27BC9B79006CA34D /* Resources */ = {
			isa = PBXResourcesBuildPhase;
			buildActionMask = 2147483647;
			files = (
				C5A8EDBB27BC9B7B006CA34D /* Preview Assets.xcassets in Resources */,
				C5A8EDB827BC9B7B006CA34D /* Assets.xcassets in Resources */,
				C5FA8CA727C5E29C008D66D2 /* WordsData.json in Resources */,
			);
			runOnlyForDeploymentPostprocessing = 0;
		};
/* End PBXResourcesBuildPhase section */

/* Begin PBXSourcesBuildPhase section */
		C5A8EDAC27BC9B79006CA34D /* Sources */ = {
			isa = PBXSourcesBuildPhase;
			buildActionMask = 2147483647;
			files = (
				0CDE0D0A27C5376400229191 /* Photo.swift in Sources */,
				C5FA8CA127C5DFD1008D66D2 /* WordsData.swift in Sources */,
				C5A8EDBD27BC9B7B006CA34D /* Persistence.swift in Sources */,
				0C1E9D8827D91C0900F60280 /* AddTile.swift in Sources */,
				C5A8EDC027BC9B7B006CA34D /* FreespeechVT.xcdatamodeld in Sources */,
				0C1E9D8627D9185100F60280 /* Settings.swift in Sources */,
				0CDE0D0D27C53A4000229191 /* AppDelegate.swift in Sources */,
				0C9BCE0027C2C96D0027A437 /* Home.swift in Sources */,
				72920FF6280D544100C0B0E5 /* VoiceRecording.swift in Sources */,
				0CDE0D0827C5375700229191 /* Tile.swift in Sources */,
				C5A8EDB627BC9B79006CA34D /* ContentView.swift in Sources */,
				72920FF8280D557700C0B0E5 /* AudioPlayer.swift in Sources */,
				C5FA8CA327C5DFE7008D66D2 /* WordStruct.swift in Sources */,
				C5A8EDB427BC9B79006CA34D /* FreespeechVTApp.swift in Sources */,
				0C1E9D8D27D920D800F60280 /* PhotoCaptureView.swift in Sources */,
				C5FA8CA527C5E0C0008D66D2 /* UtilityFunctions.swift in Sources */,
				0C1E9D8C27D920D800F60280 /* ImagePicker.swift in Sources */,
				0C9BCE0327C2E6C40027A437 /* SpeechGrid.swift in Sources */,
			);
			runOnlyForDeploymentPostprocessing = 0;
		};
/* End PBXSourcesBuildPhase section */

/* Begin XCBuildConfiguration section */
		C5A8EDC127BC9B7B006CA34D /* Debug */ = {
			isa = XCBuildConfiguration;
			buildSettings = {
				ALWAYS_SEARCH_USER_PATHS = NO;
				CLANG_ANALYZER_NONNULL = YES;
				CLANG_ANALYZER_NUMBER_OBJECT_CONVERSION = YES_AGGRESSIVE;
				CLANG_CXX_LANGUAGE_STANDARD = "gnu++17";
				CLANG_CXX_LIBRARY = "libc++";
				CLANG_ENABLE_MODULES = YES;
				CLANG_ENABLE_OBJC_ARC = YES;
				CLANG_ENABLE_OBJC_WEAK = YES;
				CLANG_WARN_BLOCK_CAPTURE_AUTORELEASING = YES;
				CLANG_WARN_BOOL_CONVERSION = YES;
				CLANG_WARN_COMMA = YES;
				CLANG_WARN_CONSTANT_CONVERSION = YES;
				CLANG_WARN_DEPRECATED_OBJC_IMPLEMENTATIONS = YES;
				CLANG_WARN_DIRECT_OBJC_ISA_USAGE = YES_ERROR;
				CLANG_WARN_DOCUMENTATION_COMMENTS = YES;
				CLANG_WARN_EMPTY_BODY = YES;
				CLANG_WARN_ENUM_CONVERSION = YES;
				CLANG_WARN_INFINITE_RECURSION = YES;
				CLANG_WARN_INT_CONVERSION = YES;
				CLANG_WARN_NON_LITERAL_NULL_CONVERSION = YES;
				CLANG_WARN_OBJC_IMPLICIT_RETAIN_SELF = YES;
				CLANG_WARN_OBJC_LITERAL_CONVERSION = YES;
				CLANG_WARN_OBJC_ROOT_CLASS = YES_ERROR;
				CLANG_WARN_QUOTED_INCLUDE_IN_FRAMEWORK_HEADER = YES;
				CLANG_WARN_RANGE_LOOP_ANALYSIS = YES;
				CLANG_WARN_STRICT_PROTOTYPES = YES;
				CLANG_WARN_SUSPICIOUS_MOVE = YES;
				CLANG_WARN_UNGUARDED_AVAILABILITY = YES_AGGRESSIVE;
				CLANG_WARN_UNREACHABLE_CODE = YES;
				CLANG_WARN__DUPLICATE_METHOD_MATCH = YES;
				COPY_PHASE_STRIP = NO;
				DEBUG_INFORMATION_FORMAT = dwarf;
				ENABLE_STRICT_OBJC_MSGSEND = YES;
				ENABLE_TESTABILITY = YES;
				GCC_C_LANGUAGE_STANDARD = gnu11;
				GCC_DYNAMIC_NO_PIC = NO;
				GCC_NO_COMMON_BLOCKS = YES;
				GCC_OPTIMIZATION_LEVEL = 0;
				GCC_PREPROCESSOR_DEFINITIONS = (
					"DEBUG=1",
					"$(inherited)",
				);
				GCC_WARN_64_TO_32_BIT_CONVERSION = YES;
				GCC_WARN_ABOUT_RETURN_TYPE = YES_ERROR;
				GCC_WARN_UNDECLARED_SELECTOR = YES;
				GCC_WARN_UNINITIALIZED_AUTOS = YES_AGGRESSIVE;
				GCC_WARN_UNUSED_FUNCTION = YES;
				GCC_WARN_UNUSED_VARIABLE = YES;
				IPHONEOS_DEPLOYMENT_TARGET = 15.2;
				MTL_ENABLE_DEBUG_INFO = INCLUDE_SOURCE;
				MTL_FAST_MATH = YES;
				ONLY_ACTIVE_ARCH = YES;
				SDKROOT = iphoneos;
				SWIFT_ACTIVE_COMPILATION_CONDITIONS = DEBUG;
				SWIFT_OPTIMIZATION_LEVEL = "-Onone";
			};
			name = Debug;
		};
		C5A8EDC227BC9B7B006CA34D /* Release */ = {
			isa = XCBuildConfiguration;
			buildSettings = {
				ALWAYS_SEARCH_USER_PATHS = NO;
				CLANG_ANALYZER_NONNULL = YES;
				CLANG_ANALYZER_NUMBER_OBJECT_CONVERSION = YES_AGGRESSIVE;
				CLANG_CXX_LANGUAGE_STANDARD = "gnu++17";
				CLANG_CXX_LIBRARY = "libc++";
				CLANG_ENABLE_MODULES = YES;
				CLANG_ENABLE_OBJC_ARC = YES;
				CLANG_ENABLE_OBJC_WEAK = YES;
				CLANG_WARN_BLOCK_CAPTURE_AUTORELEASING = YES;
				CLANG_WARN_BOOL_CONVERSION = YES;
				CLANG_WARN_COMMA = YES;
				CLANG_WARN_CONSTANT_CONVERSION = YES;
				CLANG_WARN_DEPRECATED_OBJC_IMPLEMENTATIONS = YES;
				CLANG_WARN_DIRECT_OBJC_ISA_USAGE = YES_ERROR;
				CLANG_WARN_DOCUMENTATION_COMMENTS = YES;
				CLANG_WARN_EMPTY_BODY = YES;
				CLANG_WARN_ENUM_CONVERSION = YES;
				CLANG_WARN_INFINITE_RECURSION = YES;
				CLANG_WARN_INT_CONVERSION = YES;
				CLANG_WARN_NON_LITERAL_NULL_CONVERSION = YES;
				CLANG_WARN_OBJC_IMPLICIT_RETAIN_SELF = YES;
				CLANG_WARN_OBJC_LITERAL_CONVERSION = YES;
				CLANG_WARN_OBJC_ROOT_CLASS = YES_ERROR;
				CLANG_WARN_QUOTED_INCLUDE_IN_FRAMEWORK_HEADER = YES;
				CLANG_WARN_RANGE_LOOP_ANALYSIS = YES;
				CLANG_WARN_STRICT_PROTOTYPES = YES;
				CLANG_WARN_SUSPICIOUS_MOVE = YES;
				CLANG_WARN_UNGUARDED_AVAILABILITY = YES_AGGRESSIVE;
				CLANG_WARN_UNREACHABLE_CODE = YES;
				CLANG_WARN__DUPLICATE_METHOD_MATCH = YES;
				COPY_PHASE_STRIP = NO;
				DEBUG_INFORMATION_FORMAT = "dwarf-with-dsym";
				ENABLE_NS_ASSERTIONS = NO;
				ENABLE_STRICT_OBJC_MSGSEND = YES;
				GCC_C_LANGUAGE_STANDARD = gnu11;
				GCC_NO_COMMON_BLOCKS = YES;
				GCC_WARN_64_TO_32_BIT_CONVERSION = YES;
				GCC_WARN_ABOUT_RETURN_TYPE = YES_ERROR;
				GCC_WARN_UNDECLARED_SELECTOR = YES;
				GCC_WARN_UNINITIALIZED_AUTOS = YES_AGGRESSIVE;
				GCC_WARN_UNUSED_FUNCTION = YES;
				GCC_WARN_UNUSED_VARIABLE = YES;
				IPHONEOS_DEPLOYMENT_TARGET = 15.2;
				MTL_ENABLE_DEBUG_INFO = NO;
				MTL_FAST_MATH = YES;
				SDKROOT = iphoneos;
				SWIFT_COMPILATION_MODE = wholemodule;
				SWIFT_OPTIMIZATION_LEVEL = "-O";
				VALIDATE_PRODUCT = YES;
			};
			name = Release;
		};
		C5A8EDC427BC9B7B006CA34D /* Debug */ = {
			isa = XCBuildConfiguration;
			buildSettings = {
				ASSETCATALOG_COMPILER_APPICON_NAME = AppIcon;
				ASSETCATALOG_COMPILER_GLOBAL_ACCENT_COLOR_NAME = AccentColor;
				CODE_SIGN_STYLE = Automatic;
				CURRENT_PROJECT_VERSION = 1;
				DEVELOPMENT_ASSET_PATHS = "\"FreespeechVT/Preview Content\"";
				DEVELOPMENT_TEAM = 62CH5D7H86;
				ENABLE_PREVIEWS = YES;
				GENERATE_INFOPLIST_FILE = YES;
				INFOPLIST_FILE = FreespeechVT/Info.plist;
				INFOPLIST_KEY_UIApplicationSceneManifest_Generation = YES;
				INFOPLIST_KEY_UIApplicationSupportsIndirectInputEvents = YES;
				INFOPLIST_KEY_UISupportedInterfaceOrientations_iPad = "UIInterfaceOrientationLandscapeLeft UIInterfaceOrientationLandscapeRight";
				INFOPLIST_KEY_UISupportedInterfaceOrientations_iPhone = "UIInterfaceOrientationPortrait UIInterfaceOrientationLandscapeLeft UIInterfaceOrientationLandscapeRight";
				IPHONEOS_DEPLOYMENT_TARGET = 15.0;
				LD_RUNPATH_SEARCH_PATHS = (
					"$(inherited)",
					"@executable_path/Frameworks",
				);
				MARKETING_VERSION = 1.0;
				PRODUCT_BUNDLE_IDENTIFIER = com.group9.FreespeechVT;
				PRODUCT_NAME = "$(TARGET_NAME)";
				SWIFT_EMIT_LOC_STRINGS = YES;
				SWIFT_VERSION = 5.0;
				TARGETED_DEVICE_FAMILY = 2;
			};
			name = Debug;
		};
		C5A8EDC527BC9B7B006CA34D /* Release */ = {
			isa = XCBuildConfiguration;
			buildSettings = {
				ASSETCATALOG_COMPILER_APPICON_NAME = AppIcon;
				ASSETCATALOG_COMPILER_GLOBAL_ACCENT_COLOR_NAME = AccentColor;
				CODE_SIGN_STYLE = Automatic;
				CURRENT_PROJECT_VERSION = 1;
				DEVELOPMENT_ASSET_PATHS = "\"FreespeechVT/Preview Content\"";
				DEVELOPMENT_TEAM = 62CH5D7H86;
				ENABLE_PREVIEWS = YES;
				GENERATE_INFOPLIST_FILE = YES;
				INFOPLIST_FILE = FreespeechVT/Info.plist;
				INFOPLIST_KEY_UIApplicationSceneManifest_Generation = YES;
				INFOPLIST_KEY_UIApplicationSupportsIndirectInputEvents = YES;
				INFOPLIST_KEY_UISupportedInterfaceOrientations_iPad = "UIInterfaceOrientationLandscapeLeft UIInterfaceOrientationLandscapeRight";
				INFOPLIST_KEY_UISupportedInterfaceOrientations_iPhone = "UIInterfaceOrientationPortrait UIInterfaceOrientationLandscapeLeft UIInterfaceOrientationLandscapeRight";
				IPHONEOS_DEPLOYMENT_TARGET = 15.0;
				LD_RUNPATH_SEARCH_PATHS = (
					"$(inherited)",
					"@executable_path/Frameworks",
				);
				MARKETING_VERSION = 1.0;
				PRODUCT_BUNDLE_IDENTIFIER = com.group9.FreespeechVT;
				PRODUCT_NAME = "$(TARGET_NAME)";
				SWIFT_EMIT_LOC_STRINGS = YES;
				SWIFT_VERSION = 5.0;
				TARGETED_DEVICE_FAMILY = 2;
			};
			name = Release;
		};
/* End XCBuildConfiguration section */

/* Begin XCConfigurationList section */
		C5A8EDAB27BC9B79006CA34D /* Build configuration list for PBXProject "FreespeechVT" */ = {
			isa = XCConfigurationList;
			buildConfigurations = (
				C5A8EDC127BC9B7B006CA34D /* Debug */,
				C5A8EDC227BC9B7B006CA34D /* Release */,
			);
			defaultConfigurationIsVisible = 0;
			defaultConfigurationName = Release;
		};
		C5A8EDC327BC9B7B006CA34D /* Build configuration list for PBXNativeTarget "FreespeechVT" */ = {
			isa = XCConfigurationList;
			buildConfigurations = (
				C5A8EDC427BC9B7B006CA34D /* Debug */,
				C5A8EDC527BC9B7B006CA34D /* Release */,
			);
			defaultConfigurationIsVisible = 0;
			defaultConfigurationName = Release;
		};
/* End XCConfigurationList section */

/* Begin XCVersionGroup section */
		C5A8EDBE27BC9B7B006CA34D /* FreespeechVT.xcdatamodeld */ = {
			isa = XCVersionGroup;
			children = (
				C5A8EDBF27BC9B7B006CA34D /* FreespeechVT.xcdatamodel */,
			);
			currentVersion = C5A8EDBF27BC9B7B006CA34D /* FreespeechVT.xcdatamodel */;
			path = FreespeechVT.xcdatamodeld;
			sourceTree = "<group>";
			versionGroupType = wrapper.xcdatamodel;
		};
/* End XCVersionGroup section */
	};
	rootObject = C5A8EDA827BC9B79006CA34D /* Project object */;
}
